
Microsoft Visual Studio Solution File, Format Version 12.00
# Visual Studio 14
VisualStudioVersion = 14.0.23107.0
MinimumVisualStudioVersion = 10.0.40219.1
Project("{8BC9CEB8-8B4A-11D0-8D11-00A0C91BC942}") = "StudentServer", "StudentServer\StudentServer.vcxproj", "{F3C0FF6F-6939-4095-80DA-143F4D21F8DB}"
EndProject
Project("{8BC9CEB8-8B4A-11D0-8D11-00A0C91BC942}") = "StudentClient", "StudentClient\StudentClient.vcxproj", "{840FFCD2-2A21-402F-A626-AFEF2F5F93CB}"
EndProject
Global
	GlobalSection(SolutionConfigurationPlatforms) = preSolution
		Debug|x64 = Debug|x64
		Debug|x86 = Debug|x86
		Release|x64 = Release|x64
		Release|x86 = Release|x86
	EndGlobalSection
	GlobalSection(ProjectConfigurationPlatforms) = postSolution
		{F3C0FF6F-6939-4095-80DA-143F4D21F8DB}.Debug|x64.ActiveCfg = Debug|x64
		{F3C0FF6F-6939-4095-80DA-143F4D21F8DB}.Debug|x64.Build.0 = Debug|x64
		{F3C0FF6F-6939-4095-80DA-143F4D21F8DB}.Debug|x86.ActiveCfg = Debug|Win32
		{F3C0FF6F-6939-4095-80DA-143F4D21F8DB}.Debug|x86.Build.0 = Debug|Win32
		{F3C0FF6F-6939-4095-80DA-143F4D21F8DB}.Release|x64.ActiveCfg = Release|x64
		{F3C0FF6F-6939-4095-80DA-143F4D21F8DB}.Release|x64.Build.0 = Release|x64
		{F3C0FF6F-6939-4095-80DA-143F4D21F8DB}.Release|x86.ActiveCfg = Release|Win32
		{F3C0FF6F-6939-4095-80DA-143F4D21F8DB}.Release|x86.Build.0 = Release|Win32
		{840FFCD2-2A21-402F-A626-AFEF2F5F93CB}.Debug|x64.ActiveCfg = Debug|x64
		{840FFCD2-2A21-402F-A626-AFEF2F5F93CB}.Debug|x64.Build.0 = Debug|x64
		{840FFCD2-2A21-402F-A626-AFEF2F5F93CB}.Debug|x86.ActiveCfg = Debug|Win32
		{840FFCD2-2A21-402F-A626-AFEF2F5F93CB}.Debug|x86.Build.0 = Debug|Win32
		{840FFCD2-2A21-402F-A626-AFEF2F5F93CB}.Release|x64.ActiveCfg = Release|x64
		{840FFCD2-2A21-402F-A626-AFEF2F5F93CB}.Release|x64.Build.0 = Release|x64
		{840FFCD2-2A21-402F-A626-AFEF2F5F93CB}.Release|x86.ActiveCfg = Release|Win32
		{840FFCD2-2A21-402F-A626-AFEF2F5F93CB}.Release|x86.Build.0 = Release|Win32
	EndGlobalSection
	GlobalSection(SolutionProperties) = preSolution
		HideSolutionNode = FALSE
	EndGlobalSection
EndGlobal
